# THIS IS AN AUTOGENERATED FILE. DO NOT EDIT THIS FILE DIRECTLY.
# yarn lockfile v1


"@popperjs/core@^2.9.2":
  version "2.11.5"
  resolved "https://registry.yarnpkg.com/@popperjs/core/-/core-2.11.5.tgz#db5a11bf66bdab39569719555b0f76e138d7bd64"
  integrity sha512-9X2obfABZuDVLCgPK9aX0a/x4jaOEweTTWE2+9sr0Qqqevj2Uv5XorvusThmc9XGYpS9yI+fhh8RTafBtGposw==

"@vant/icons@^1.8.0":
  version "1.8.0"
  resolved "https://registry.yarnpkg.com/@vant/icons/-/icons-1.8.0.tgz#36b13f2e628b533f6523a93a168cf02f07056674"
  integrity sha512-sKfEUo2/CkQFuERxvkuF6mGQZDKu3IQdj5rV9Fm0weJXtchDSSQ+zt8qPCNUEhh9Y8shy5PzxbvAfOOkCwlCXg==

"@vant/popperjs@^1.2.1":
  version "1.2.1"
  resolved "https://registry.yarnpkg.com/@vant/popperjs/-/popperjs-1.2.1.tgz#1300c7c98573df577c21d3000712435edb8a877e"
  integrity sha512-qzQlrPE4aOsBzfrktDVwzQy/QICCTKifmjrruhY58+Q2fobUYp/T9QINluIafzsD3VJwgP8+HFVLBsyDmy3VZQ==
  dependencies:
    "@popperjs/core" "^2.9.2"

"@vant/use@^1.4.1":
  version "1.4.1"
  resolved "https://registry.yarnpkg.com/@vant/use/-/use-1.4.1.tgz#22cdd81c6e2cf8dc746278608a3facbd4fdbcdc7"
  integrity sha512-YonNN0SuJLEJuqdoMcVAJm2JUZWkHNrW81QzeF6FLyG5HFUGlmTM5Sby7gdS3Z/8UDMlkWRQpJxBWbmVzmUWxQ==

"@vue/devtools-api@^6.0.0-beta.11":
  version "6.1.4"
  resolved "https://registry.yarnpkg.com/@vue/devtools-api/-/devtools-api-6.1.4.tgz#b4aec2f4b4599e11ba774a50c67fa378c9824e53"
  integrity sha512-IiA0SvDrJEgXvVxjNkHPFfDx6SXw0b/TUkqMcDZWNg9fnCAHbTpoo59YfJ9QLFkwa3raau5vSlRVzMSLDnfdtQ==

uview-ui@2.0.31:
  version "2.0.31"
  resolved "https://registry.yarnpkg.com/uview-ui/-/uview-ui-2.0.31.tgz#85679c0ef7ecfde0672d4ef74af813506ea1bcca"
  integrity sha512-I/0fGuvtiKHH/mBb864SGYk+SJ7WaF32tsBgYgeBOsxlUp+Th+Ac2tgz2cTvsQJl6eZYWsKZ3ixiSXCAcxZ8Sw==

vant@^3.5.1:
  version "3.5.1"
  resolved "https://registry.yarnpkg.com/vant/-/vant-3.5.1.tgz#7a7287f019e86ef56f55fae7c4d6f6ac92d5452b"
  integrity sha512-SoTrAnesooXnAAR9IDn/zfna24tgShkC8/lAJJQsOa0ynmR61AnV1wOwCsUNf2Q1CobQIGi3AHTUan7cPzupEA==
  dependencies:
    "@vant/icons" "^1.8.0"
    "@vant/popperjs" "^1.2.1"
    "@vant/use" "^1.4.1"

vuex@^4.0.2:
  version "4.0.2"
  resolved "https://registry.yarnpkg.com/vuex/-/vuex-4.0.2.tgz#f896dbd5bf2a0e963f00c67e9b610de749ccacc9"
  integrity sha512-M6r8uxELjZIK8kTKDGgZTYX/ahzblnzC4isU1tpmEuOIIKmV+TRdc+H4s8ds2NuZ7wpUTdGRzJRtoj+lI+pc0Q==
  dependencies:
    "@vue/devtools-api" "^6.0.0-beta.11"
